
Microsoft Visual Studio Solution File, Format Version 12.00
# Visual Studio Version 16
VisualStudioVersion = 16.0.30503.244
MinimumVisualStudioVersion = 10.0.40219.1
Project("{9A19103F-16F7-4668-BE54-9A1E7A4F7556}") = "xUnitTesting101", "xUnitTesting101\xUnitTesting101.csproj", "{00397DC7-DB1C-45CD-85AD-5EF81DB1F05D}"
EndProject
Project("{FAE04EC0-301F-11D3-BF4B-00C04F79EFBC}") = "xUnitTesting101.UnitTests", "xUnitTesting101.UnitTests\xUnitTesting101.UnitTests.csproj", "{4F652394-0B80-40B7-99AE-F112280A2B65}"
EndProject
Global
	GlobalSection(SolutionConfigurationPlatforms) = preSolution
		Debug|Any CPU = Debug|Any CPU
		Release|Any CPU = Release|Any CPU
	EndGlobalSection
	GlobalSection(ProjectConfigurationPlatforms) = postSolution
		{00397DC7-DB1C-45CD-85AD-5EF81DB1F05D}.Debug|Any CPU.ActiveCfg = Debug|Any CPU
		{00397DC7-DB1C-45CD-85AD-5EF81DB1F05D}.Debug|Any CPU.Build.0 = Debug|Any CPU
		{00397DC7-DB1C-45CD-85AD-5EF81DB1F05D}.Release|Any CPU.ActiveCfg = Release|Any CPU
		{00397DC7-DB1C-45CD-85AD-5EF81DB1F05D}.Release|Any CPU.Build.0 = Release|Any CPU
		{4F652394-0B80-40B7-99AE-F112280A2B65}.Debug|Any CPU.ActiveCfg = Debug|Any CPU
		{4F652394-0B80-40B7-99AE-F112280A2B65}.Debug|Any CPU.Build.0 = Debug|Any CPU
		{4F652394-0B80-40B7-99AE-F112280A2B65}.Release|Any CPU.ActiveCfg = Release|Any CPU
		{4F652394-0B80-40B7-99AE-F112280A2B65}.Release|Any CPU.Build.0 = Release|Any CPU
	EndGlobalSection
	GlobalSection(SolutionProperties) = preSolution
		HideSolutionNode = FALSE
	EndGlobalSection
	GlobalSection(ExtensibilityGlobals) = postSolution
		SolutionGuid = {1210EA48-5543-49C9-8431-625E64F84E1E}
	EndGlobalSection
EndGlobal
